// !$*UTF8*$!
{
	archiveVersion = 1;
	classes = {
	};
	objectVersion = 56;
	objects = {

/* Begin PBXBuildFile section */
		964A8F992A3F021C00B30EEF /* AppDelegate.swift in Sources */ = {isa = PBXBuildFile; fileRef = 964A8F982A3F021C00B30EEF /* AppDelegate.swift */; };
		964A8F9B2A3F021C00B30EEF /* SceneDelegate.swift in Sources */ = {isa = PBXBuildFile; fileRef = 964A8F9A2A3F021C00B30EEF /* SceneDelegate.swift */; };
		964A8FA02A3F021C00B30EEF /* Main.storyboard in Resources */ = {isa = PBXBuildFile; fileRef = 964A8F9E2A3F021C00B30EEF /* Main.storyboard */; };
		964A8FA22A3F021D00B30EEF /* Assets.xcassets in Resources */ = {isa = PBXBuildFile; fileRef = 964A8FA12A3F021D00B30EEF /* Assets.xcassets */; };
		964A8FA52A3F021D00B30EEF /* LaunchScreen.storyboard in Resources */ = {isa = PBXBuildFile; fileRef = 964A8FA32A3F021D00B30EEF /* LaunchScreen.storyboard */; };
		964A8FB02A3F021D00B30EEF /* GoodWeatherTests.swift in Sources */ = {isa = PBXBuildFile; fileRef = 964A8FAF2A3F021D00B30EEF /* GoodWeatherTests.swift */; };
		964A8FBA2A3F021D00B30EEF /* GoodWeatherUITests.swift in Sources */ = {isa = PBXBuildFile; fileRef = 964A8FB92A3F021D00B30EEF /* GoodWeatherUITests.swift */; };
		964A8FBC2A3F021D00B30EEF /* GoodWeatherUITestsLaunchTests.swift in Sources */ = {isa = PBXBuildFile; fileRef = 964A8FBB2A3F021D00B30EEF /* GoodWeatherUITestsLaunchTests.swift */; };
		9676A11D2A3F06E100631F83 /* WeatherListTableViewController.swift in Sources */ = {isa = PBXBuildFile; fileRef = 9676A11C2A3F06E100631F83 /* WeatherListTableViewController.swift */; };
		9676A11F2A3F071C00631F83 /* AddWeatherCityViewController.swift in Sources */ = {isa = PBXBuildFile; fileRef = 9676A11E2A3F071C00631F83 /* AddWeatherCityViewController.swift */; };
/* End PBXBuildFile section */

/* Begin PBXContainerItemProxy section */
		964A8FAC2A3F021D00B30EEF /* PBXContainerItemProxy */ = {
			isa = PBXContainerItemProxy;
			containerPortal = 964A8F8D2A3F021C00B30EEF /* Project object */;
			proxyType = 1;
			remoteGlobalIDString = 964A8F942A3F021C00B30EEF;
			remoteInfo = GoodWeather;
		};
		964A8FB62A3F021D00B30EEF /* PBXContainerItemProxy */ = {
			isa = PBXContainerItemProxy;
			containerPortal = 964A8F8D2A3F021C00B30EEF /* Project object */;
			proxyType = 1;
			remoteGlobalIDString = 964A8F942A3F021C00B30EEF;
			remoteInfo = GoodWeather;
		};
/* End PBXContainerItemProxy section */

/* Begin PBXFileReference section */
		964A8F952A3F021C00B30EEF /* GoodWeather.app */ = {isa = PBXFileReference; explicitFileType = wrapper.application; includeInIndex = 0; path = GoodWeather.app; sourceTree = BUILT_PRODUCTS_DIR; };
		964A8F982A3F021C00B30EEF /* AppDelegate.swift */ = {isa = PBXFileReference; lastKnownFileType = sourcecode.swift; path = AppDelegate.swift; sourceTree = "<group>"; };
		964A8F9A2A3F021C00B30EEF /* SceneDelegate.swift */ = {isa = PBXFileReference; lastKnownFileType = sourcecode.swift; path = SceneDelegate.swift; sourceTree = "<group>"; };
		964A8F9F2A3F021C00B30EEF /* Base */ = {isa = PBXFileReference; lastKnownFileType = file.storyboard; name = Base; path = Base.lproj/Main.storyboard; sourceTree = "<group>"; };
		964A8FA12A3F021D00B30EEF /* Assets.xcassets */ = {isa = PBXFileReference; lastKnownFileType = folder.assetcatalog; path = Assets.xcassets; sourceTree = "<group>"; };
		964A8FA42A3F021D00B30EEF /* Base */ = {isa = PBXFileReference; lastKnownFileType = file.storyboard; name = Base; path = Base.lproj/LaunchScreen.storyboard; sourceTree = "<group>"; };
		964A8FA62A3F021D00B30EEF /* Info.plist */ = {isa = PBXFileReference; lastKnownFileType = text.plist.xml; path = Info.plist; sourceTree = "<group>"; };
		964A8FAB2A3F021D00B30EEF /* GoodWeatherTests.xctest */ = {isa = PBXFileReference; explicitFileType = wrapper.cfbundle; includeInIndex = 0; path = GoodWeatherTests.xctest; sourceTree = BUILT_PRODUCTS_DIR; };
		964A8FAF2A3F021D00B30EEF /* GoodWeatherTests.swift */ = {isa = PBXFileReference; lastKnownFileType = sourcecode.swift; path = GoodWeatherTests.swift; sourceTree = "<group>"; };
		964A8FB52A3F021D00B30EEF /* GoodWeatherUITests.xctest */ = {isa = PBXFileReference; explicitFileType = wrapper.cfbundle; includeInIndex = 0; path = GoodWeatherUITests.xctest; sourceTree = BUILT_PRODUCTS_DIR; };
		964A8FB92A3F021D00B30EEF /* GoodWeatherUITests.swift */ = {isa = PBXFileReference; lastKnownFileType = sourcecode.swift; path = GoodWeatherUITests.swift; sourceTree = "<group>"; };
		964A8FBB2A3F021D00B30EEF /* GoodWeatherUITestsLaunchTests.swift */ = {isa = PBXFileReference; lastKnownFileType = sourcecode.swift; path = GoodWeatherUITestsLaunchTests.swift; sourceTree = "<group>"; };
		9676A11C2A3F06E100631F83 /* WeatherListTableViewController.swift */ = {isa = PBXFileReference; lastKnownFileType = sourcecode.swift; path = WeatherListTableViewController.swift; sourceTree = "<group>"; };
		9676A11E2A3F071C00631F83 /* AddWeatherCityViewController.swift */ = {isa = PBXFileReference; lastKnownFileType = sourcecode.swift; path = AddWeatherCityViewController.swift; sourceTree = "<group>"; };
/* End PBXFileReference section */

/* Begin PBXFrameworksBuildPhase section */
		964A8F922A3F021C00B30EEF /* Frameworks */ = {
			isa = PBXFrameworksBuildPhase;
			buildActionMask = 2147483647;
			files = (
			);
			runOnlyForDeploymentPostprocessing = 0;
		};
		964A8FA82A3F021D00B30EEF /* Frameworks */ = {
			isa = PBXFrameworksBuildPhase;
			buildActionMask = 2147483647;
			files = (
			);
			runOnlyForDeploymentPostprocessing = 0;
		};
		964A8FB22A3F021D00B30EEF /* Frameworks */ = {
			isa = PBXFrameworksBuildPhase;
			buildActionMask = 2147483647;
			files = (
			);
			runOnlyForDeploymentPostprocessing = 0;
		};
/* End PBXFrameworksBuildPhase section */

/* Begin PBXGroup section */
		964A8F8C2A3F021C00B30EEF = {
			isa = PBXGroup;
			children = (
				964A8F972A3F021C00B30EEF /* GoodWeather */,
				964A8FAE2A3F021D00B30EEF /* GoodWeatherTests */,
				964A8FB82A3F021D00B30EEF /* GoodWeatherUITests */,
				964A8F962A3F021C00B30EEF /* Products */,
			);
			sourceTree = "<group>";
		};
		964A8F962A3F021C00B30EEF /* Products */ = {
			isa = PBXGroup;
			children = (
				964A8F952A3F021C00B30EEF /* GoodWeather.app */,
				964A8FAB2A3F021D00B30EEF /* GoodWeatherTests.xctest */,
				964A8FB52A3F021D00B30EEF /* GoodWeatherUITests.xctest */,
			);
			name = Products;
			sourceTree = "<group>";
		};
		964A8F972A3F021C00B30EEF /* GoodWeather */ = {
			isa = PBXGroup;
			children = (
				9676A11B2A3F06C200631F83 /* Controllers */,
				964A8F982A3F021C00B30EEF /* AppDelegate.swift */,
				964A8F9A2A3F021C00B30EEF /* SceneDelegate.swift */,
				964A8F9E2A3F021C00B30EEF /* Main.storyboard */,
				964A8FA12A3F021D00B30EEF /* Assets.xcassets */,
				964A8FA32A3F021D00B30EEF /* LaunchScreen.storyboard */,
				964A8FA62A3F021D00B30EEF /* Info.plist */,
			);
			path = GoodWeather;
			sourceTree = "<group>";
		};
		964A8FAE2A3F021D00B30EEF /* GoodWeatherTests */ = {
			isa = PBXGroup;
			children = (
				964A8FAF2A3F021D00B30EEF /* GoodWeatherTests.swift */,
			);
			path = GoodWeatherTests;
			sourceTree = "<group>";
		};
		964A8FB82A3F021D00B30EEF /* GoodWeatherUITests */ = {
			isa = PBXGroup;
			children = (
				964A8FB92A3F021D00B30EEF /* GoodWeatherUITests.swift */,
				964A8FBB2A3F021D00B30EEF /* GoodWeatherUITestsLaunchTests.swift */,
			);
			path = GoodWeatherUITests;
			sourceTree = "<group>";
		};
		9676A11B2A3F06C200631F83 /* Controllers */ = {
			isa = PBXGroup;
			children = (
				9676A11C2A3F06E100631F83 /* WeatherListTableViewController.swift */,
				9676A11E2A3F071C00631F83 /* AddWeatherCityViewController.swift */,
			);
			path = Controllers;
			sourceTree = "<group>";
		};
/* End PBXGroup section */

/* Begin PBXNativeTarget section */
		964A8F942A3F021C00B30EEF /* GoodWeather */ = {
			isa = PBXNativeTarget;
			buildConfigurationList = 964A8FBF2A3F021D00B30EEF /* Build configuration list for PBXNativeTarget "GoodWeather" */;
			buildPhases = (
				964A8F912A3F021C00B30EEF /* Sources */,
				964A8F922A3F021C00B30EEF /* Frameworks */,
				964A8F932A3F021C00B30EEF /* Resources */,
			);
			buildRules = (
			);
			dependencies = (
			);
			name = GoodWeather;
			productName = GoodWeather;
			productReference = 964A8F952A3F021C00B30EEF /* GoodWeather.app */;
			productType = "com.apple.product-type.application";
		};
		964A8FAA2A3F021D00B30EEF /* GoodWeatherTests */ = {
			isa = PBXNativeTarget;
			buildConfigurationList = 964A8FC22A3F021D00B30EEF /* Build configuration list for PBXNativeTarget "GoodWeatherTests" */;
			buildPhases = (
				964A8FA72A3F021D00B30EEF /* Sources */,
				964A8FA82A3F021D00B30EEF /* Frameworks */,
				964A8FA92A3F021D00B30EEF /* Resources */,
			);
			buildRules = (
			);
			dependencies = (
				964A8FAD2A3F021D00B30EEF /* PBXTargetDependency */,
			);
			name = GoodWeatherTests;
			productName = GoodWeatherTests;
			productReference = 964A8FAB2A3F021D00B30EEF /* GoodWeatherTests.xctest */;
			productType = "com.apple.product-type.bundle.unit-test";
		};
		964A8FB42A3F021D00B30EEF /* GoodWeatherUITests */ = {
			isa = PBXNativeTarget;
			buildConfigurationList = 964A8FC52A3F021D00B30EEF /* Build configuration list for PBXNativeTarget "GoodWeatherUITests" */;
			buildPhases = (
				964A8FB12A3F021D00B30EEF /* Sources */,
				964A8FB22A3F021D00B30EEF /* Frameworks */,
				964A8FB32A3F021D00B30EEF /* Resources */,
			);
			buildRules = (
			);
			dependencies = (
				964A8FB72A3F021D00B30EEF /* PBXTargetDependency */,
			);
			name = GoodWeatherUITests;
			productName = GoodWeatherUITests;
			productReference = 964A8FB52A3F021D00B30EEF /* GoodWeatherUITests.xctest */;
			productType = "com.apple.product-type.bundle.ui-testing";
		};
/* End PBXNativeTarget section */

/* Begin PBXProject section */
		964A8F8D2A3F021C00B30EEF /* Project object */ = {
			isa = PBXProject;
			attributes = {
				BuildIndependentTargetsInParallel = 1;
				LastSwiftUpdateCheck = 1420;
				LastUpgradeCheck = 1420;
				TargetAttributes = {
					964A8F942A3F021C00B30EEF = {
						CreatedOnToolsVersion = 14.2;
					};
					964A8FAA2A3F021D00B30EEF = {
						CreatedOnToolsVersion = 14.2;
						TestTargetID = 964A8F942A3F021C00B30EEF;
					};
					964A8FB42A3F021D00B30EEF = {
						CreatedOnToolsVersion = 14.2;
						TestTargetID = 964A8F942A3F021C00B30EEF;
					};
				};
			};
			buildConfigurationList = 964A8F902A3F021C00B30EEF /* Build configuration list for PBXProject "GoodWeather" */;
			compatibilityVersion = "Xcode 14.0";
			developmentRegion = en;
			hasScannedForEncodings = 0;
			knownRegions = (
				en,
				Base,
			);
			mainGroup = 964A8F8C2A3F021C00B30EEF;
			productRefGroup = 964A8F962A3F021C00B30EEF /* Products */;
			projectDirPath = "";
			projectRoot = "";
			targets = (
				964A8F942A3F021C00B30EEF /* GoodWeather */,
				964A8FAA2A3F021D00B30EEF /* GoodWeatherTests */,
				964A8FB42A3F021D00B30EEF /* GoodWeatherUITests */,
			);
		};
/* End PBXProject section */

/* Begin PBXResourcesBuildPhase section */
		964A8F932A3F021C00B30EEF /* Resources */ = {
			isa = PBXResourcesBuildPhase;
			buildActionMask = 2147483647;
			files = (
				964A8FA52A3F021D00B30EEF /* LaunchScreen.storyboard in Resources */,
				964A8FA22A3F021D00B30EEF /* Assets.xcassets in Resources */,
				964A8FA02A3F021C00B30EEF /* Main.storyboard in Resources */,
			);
			runOnlyForDeploymentPostprocessing = 0;
		};
		964A8FA92A3F021D00B30EEF /* Resources */ = {
			isa = PBXResourcesBuildPhase;
			buildActionMask = 2147483647;
			files = (
			);
			runOnlyForDeploymentPostprocessing = 0;
		};
		964A8FB32A3F021D00B30EEF /* Resources */ = {
			isa = PBXResourcesBuildPhase;
			buildActionMask = 2147483647;
			files = (
			);
			runOnlyForDeploymentPostprocessing = 0;
		};
/* End PBXResourcesBuildPhase section */

/* Begin PBXSourcesBuildPhase section */
		964A8F912A3F021C00B30EEF /* Sources */ = {
			isa = PBXSourcesBuildPhase;
			buildActionMask = 2147483647;
			files = (
				9676A11F2A3F071C00631F83 /* AddWeatherCityViewController.swift in Sources */,
				9676A11D2A3F06E100631F83 /* WeatherListTableViewController.swift in Sources */,
				964A8F992A3F021C00B30EEF /* AppDelegate.swift in Sources */,
				964A8F9B2A3F021C00B30EEF /* SceneDelegate.swift in Sources */,
			);
			runOnlyForDeploymentPostprocessing = 0;
		};
		964A8FA72A3F021D00B30EEF /* Sources */ = {
			isa = PBXSourcesBuildPhase;
			buildActionMask = 2147483647;
			files = (
				964A8FB02A3F021D00B30EEF /* GoodWeatherTests.swift in Sources */,
			);
			runOnlyForDeploymentPostprocessing = 0;
		};
		964A8FB12A3F021D00B30EEF /* Sources */ = {
			isa = PBXSourcesBuildPhase;
			buildActionMask = 2147483647;
			files = (
				964A8FBC2A3F021D00B30EEF /* GoodWeatherUITestsLaunchTests.swift in Sources */,
				964A8FBA2A3F021D00B30EEF /* GoodWeatherUITests.swift in Sources */,
			);
			runOnlyForDeploymentPostprocessing = 0;
		};
/* End PBXSourcesBuildPhase section */

/* Begin PBXTargetDependency section */
		964A8FAD2A3F021D00B30EEF /* PBXTargetDependency */ = {
			isa = PBXTargetDependency;
			target = 964A8F942A3F021C00B30EEF /* GoodWeather */;
			targetProxy = 964A8FAC2A3F021D00B30EEF /* PBXContainerItemProxy */;
		};
		964A8FB72A3F021D00B30EEF /* PBXTargetDependency */ = {
			isa = PBXTargetDependency;
			target = 964A8F942A3F021C00B30EEF /* GoodWeather */;
			targetProxy = 964A8FB62A3F021D00B30EEF /* PBXContainerItemProxy */;
		};
/* End PBXTargetDependency section */

/* Begin PBXVariantGroup section */
		964A8F9E2A3F021C00B30EEF /* Main.storyboard */ = {
			isa = PBXVariantGroup;
			children = (
				964A8F9F2A3F021C00B30EEF /* Base */,
			);
			name = Main.storyboard;
			sourceTree = "<group>";
		};
		964A8FA32A3F021D00B30EEF /* LaunchScreen.storyboard */ = {
			isa = PBXVariantGroup;
			children = (
				964A8FA42A3F021D00B30EEF /* Base */,
			);
			name = LaunchScreen.storyboard;
			sourceTree = "<group>";
		};
/* End PBXVariantGroup section */

/* Begin XCBuildConfiguration section */
		964A8FBD2A3F021D00B30EEF /* Debug */ = {
			isa = XCBuildConfiguration;
			buildSettings = {
				ALWAYS_SEARCH_USER_PATHS = NO;
				CLANG_ANALYZER_NONNULL = YES;
				CLANG_ANALYZER_NUMBER_OBJECT_CONVERSION = YES_AGGRESSIVE;
				CLANG_CXX_LANGUAGE_STANDARD = "gnu++20";
				CLANG_ENABLE_MODULES = YES;
				CLANG_ENABLE_OBJC_ARC = YES;
				CLANG_ENABLE_OBJC_WEAK = YES;
				CLANG_WARN_BLOCK_CAPTURE_AUTORELEASING = YES;
				CLANG_WARN_BOOL_CONVERSION = YES;
				CLANG_WARN_COMMA = YES;
				CLANG_WARN_CONSTANT_CONVERSION = YES;
				CLANG_WARN_DEPRECATED_OBJC_IMPLEMENTATIONS = YES;
				CLANG_WARN_DIRECT_OBJC_ISA_USAGE = YES_ERROR;
				CLANG_WARN_DOCUMENTATION_COMMENTS = YES;
				CLANG_WARN_EMPTY_BODY = YES;
				CLANG_WARN_ENUM_CONVERSION = YES;
				CLANG_WARN_INFINITE_RECURSION = YES;
				CLANG_WARN_INT_CONVERSION = YES;
				CLANG_WARN_NON_LITERAL_NULL_CONVERSION = YES;
				CLANG_WARN_OBJC_IMPLICIT_RETAIN_SELF = YES;
				CLANG_WARN_OBJC_LITERAL_CONVERSION = YES;
				CLANG_WARN_OBJC_ROOT_CLASS = YES_ERROR;
				CLANG_WARN_QUOTED_INCLUDE_IN_FRAMEWORK_HEADER = YES;
				CLANG_WARN_RANGE_LOOP_ANALYSIS = YES;
				CLANG_WARN_STRICT_PROTOTYPES = YES;
				CLANG_WARN_SUSPICIOUS_MOVE = YES;
				CLANG_WARN_UNGUARDED_AVAILABILITY = YES_AGGRESSIVE;
				CLANG_WARN_UNREACHABLE_CODE = YES;
				CLANG_WARN__DUPLICATE_METHOD_MATCH = YES;
				COPY_PHASE_STRIP = NO;
				DEBUG_INFORMATION_FORMAT = dwarf;
				ENABLE_STRICT_OBJC_MSGSEND = YES;
				ENABLE_TESTABILITY = YES;
				GCC_C_LANGUAGE_STANDARD = gnu11;
				GCC_DYNAMIC_NO_PIC = NO;
				GCC_NO_COMMON_BLOCKS = YES;
				GCC_OPTIMIZATION_LEVEL = 0;
				GCC_PREPROCESSOR_DEFINITIONS = (
					"DEBUG=1",
					"$(inherited)",
				);
				GCC_WARN_64_TO_32_BIT_CONVERSION = YES;
				GCC_WARN_ABOUT_RETURN_TYPE = YES_ERROR;
				GCC_WARN_UNDECLARED_SELECTOR = YES;
				GCC_WARN_UNINITIALIZED_AUTOS = YES_AGGRESSIVE;
				GCC_WARN_UNUSED_FUNCTION = YES;
				GCC_WARN_UNUSED_VARIABLE = YES;
				IPHONEOS_DEPLOYMENT_TARGET = 16.2;
				MTL_ENABLE_DEBUG_INFO = INCLUDE_SOURCE;
				MTL_FAST_MATH = YES;
				ONLY_ACTIVE_ARCH = YES;
				SDKROOT = iphoneos;
				SWIFT_ACTIVE_COMPILATION_CONDITIONS = DEBUG;
				SWIFT_OPTIMIZATION_LEVEL = "-Onone";
			};
			name = Debug;
		};
		964A8FBE2A3F021D00B30EEF /* Release */ = {
			isa = XCBuildConfiguration;
			buildSettings = {
				ALWAYS_SEARCH_USER_PATHS = NO;
				CLANG_ANALYZER_NONNULL = YES;
				CLANG_ANALYZER_NUMBER_OBJECT_CONVERSION = YES_AGGRESSIVE;
				CLANG_CXX_LANGUAGE_STANDARD = "gnu++20";
				CLANG_ENABLE_MODULES = YES;
				CLANG_ENABLE_OBJC_ARC = YES;
				CLANG_ENABLE_OBJC_WEAK = YES;
				CLANG_WARN_BLOCK_CAPTURE_AUTORELEASING = YES;
				CLANG_WARN_BOOL_CONVERSION = YES;
				CLANG_WARN_COMMA = YES;
				CLANG_WARN_CONSTANT_CONVERSION = YES;
				CLANG_WARN_DEPRECATED_OBJC_IMPLEMENTATIONS = YES;
				CLANG_WARN_DIRECT_OBJC_ISA_USAGE = YES_ERROR;
				CLANG_WARN_DOCUMENTATION_COMMENTS = YES;
				CLANG_WARN_EMPTY_BODY = YES;
				CLANG_WARN_ENUM_CONVERSION = YES;
				CLANG_WARN_INFINITE_RECURSION = YES;
				CLANG_WARN_INT_CONVERSION = YES;
				CLANG_WARN_NON_LITERAL_NULL_CONVERSION = YES;
				CLANG_WARN_OBJC_IMPLICIT_RETAIN_SELF = YES;
				CLANG_WARN_OBJC_LITERAL_CONVERSION = YES;
				CLANG_WARN_OBJC_ROOT_CLASS = YES_ERROR;
				CLANG_WARN_QUOTED_INCLUDE_IN_FRAMEWORK_HEADER = YES;
				CLANG_WARN_RANGE_LOOP_ANALYSIS = YES;
				CLANG_WARN_STRICT_PROTOTYPES = YES;
				CLANG_WARN_SUSPICIOUS_MOVE = YES;
				CLANG_WARN_UNGUARDED_AVAILABILITY = YES_AGGRESSIVE;
				CLANG_WARN_UNREACHABLE_CODE = YES;
				CLANG_WARN__DUPLICATE_METHOD_MATCH = YES;
				COPY_PHASE_STRIP = NO;
				DEBUG_INFORMATION_FORMAT = "dwarf-with-dsym";
				ENABLE_NS_ASSERTIONS = NO;
				ENABLE_STRICT_OBJC_MSGSEND = YES;
				GCC_C_LANGUAGE_STANDARD = gnu11;
				GCC_NO_COMMON_BLOCKS = YES;
				GCC_WARN_64_TO_32_BIT_CONVERSION = YES;
				GCC_WARN_ABOUT_RETURN_TYPE = YES_ERROR;
				GCC_WARN_UNDECLARED_SELECTOR = YES;
				GCC_WARN_UNINITIALIZED_AUTOS = YES_AGGRESSIVE;
				GCC_WARN_UNUSED_FUNCTION = YES;
				GCC_WARN_UNUSED_VARIABLE = YES;
				IPHONEOS_DEPLOYMENT_TARGET = 16.2;
				MTL_ENABLE_DEBUG_INFO = NO;
				MTL_FAST_MATH = YES;
				SDKROOT = iphoneos;
				SWIFT_COMPILATION_MODE = wholemodule;
				SWIFT_OPTIMIZATION_LEVEL = "-O";
				VALIDATE_PRODUCT = YES;
			};
			name = Release;
		};
		964A8FC02A3F021D00B30EEF /* Debug */ = {
			isa = XCBuildConfiguration;
			buildSettings = {
				ASSETCATALOG_COMPILER_APPICON_NAME = AppIcon;
				ASSETCATALOG_COMPILER_GLOBAL_ACCENT_COLOR_NAME = AccentColor;
				CODE_SIGN_STYLE = Automatic;
				CURRENT_PROJECT_VERSION = 1;
				DEVELOPMENT_TEAM = AC5P7253R3;
				GENERATE_INFOPLIST_FILE = YES;
				INFOPLIST_FILE = GoodWeather/Info.plist;
				INFOPLIST_KEY_UIApplicationSupportsIndirectInputEvents = YES;
				INFOPLIST_KEY_UILaunchStoryboardName = LaunchScreen;
				INFOPLIST_KEY_UIMainStoryboardFile = Main;
				INFOPLIST_KEY_UIStatusBarStyle = UIStatusBarStyleLightContent;
				INFOPLIST_KEY_UISupportedInterfaceOrientations_iPad = "UIInterfaceOrientationPortrait UIInterfaceOrientationPortraitUpsideDown UIInterfaceOrientationLandscapeLeft UIInterfaceOrientationLandscapeRight";
				INFOPLIST_KEY_UISupportedInterfaceOrientations_iPhone = "UIInterfaceOrientationPortrait UIInterfaceOrientationLandscapeLeft UIInterfaceOrientationLandscapeRight";
				LD_RUNPATH_SEARCH_PATHS = (
					"$(inherited)",
					"@executable_path/Frameworks",
				);
				MARKETING_VERSION = 1.0;
				PRODUCT_BUNDLE_IDENTIFIER = IvanStoilov.GoodWeather;
				PRODUCT_NAME = "$(TARGET_NAME)";
				SWIFT_EMIT_LOC_STRINGS = YES;
				SWIFT_VERSION = 5.0;
				TARGETED_DEVICE_FAMILY = "1,2";
			};
			name = Debug;
		};
		964A8FC12A3F021D00B30EEF /* Release */ = {
			isa = XCBuildConfiguration;
			buildSettings = {
				ASSETCATALOG_COMPILER_APPICON_NAME = AppIcon;
				ASSETCATALOG_COMPILER_GLOBAL_ACCENT_COLOR_NAME = AccentColor;
				CODE_SIGN_STYLE = Automatic;
				CURRENT_PROJECT_VERSION = 1;
				DEVELOPMENT_TEAM = AC5P7253R3;
				GENERATE_INFOPLIST_FILE = YES;
				INFOPLIST_FILE = GoodWeather/Info.plist;
				INFOPLIST_KEY_UIApplicationSupportsIndirectInputEvents = YES;
				INFOPLIST_KEY_UILaunchStoryboardName = LaunchScreen;
				INFOPLIST_KEY_UIMainStoryboardFile = Main;
				INFOPLIST_KEY_UIStatusBarStyle = UIStatusBarStyleLightContent;
				INFOPLIST_KEY_UISupportedInterfaceOrientations_iPad = "UIInterfaceOrientationPortrait UIInterfaceOrientationPortraitUpsideDown UIInterfaceOrientationLandscapeLeft UIInterfaceOrientationLandscapeRight";
				INFOPLIST_KEY_UISupportedInterfaceOrientations_iPhone = "UIInterfaceOrientationPortrait UIInterfaceOrientationLandscapeLeft UIInterfaceOrientationLandscapeRight";
				LD_RUNPATH_SEARCH_PATHS = (
					"$(inherited)",
					"@executable_path/Frameworks",
				);
				MARKETING_VERSION = 1.0;
				PRODUCT_BUNDLE_IDENTIFIER = IvanStoilov.GoodWeather;
				PRODUCT_NAME = "$(TARGET_NAME)";
				SWIFT_EMIT_LOC_STRINGS = YES;
				SWIFT_VERSION = 5.0;
				TARGETED_DEVICE_FAMILY = "1,2";
			};
			name = Release;
		};
		964A8FC32A3F021D00B30EEF /* Debug */ = {
			isa = XCBuildConfiguration;
			buildSettings = {
				ALWAYS_EMBED_SWIFT_STANDARD_LIBRARIES = YES;
				BUNDLE_LOADER = "$(TEST_HOST)";
				CODE_SIGN_STYLE = Automatic;
				CURRENT_PROJECT_VERSION = 1;
				DEVELOPMENT_TEAM = AC5P7253R3;
				GENERATE_INFOPLIST_FILE = YES;
				IPHONEOS_DEPLOYMENT_TARGET = 16.2;
				MARKETING_VERSION = 1.0;
				PRODUCT_BUNDLE_IDENTIFIER = IvanStoilov.GoodWeatherTests;
				PRODUCT_NAME = "$(TARGET_NAME)";
				SWIFT_EMIT_LOC_STRINGS = NO;
				SWIFT_VERSION = 5.0;
				TARGETED_DEVICE_FAMILY = "1,2";
				TEST_HOST = "$(BUILT_PRODUCTS_DIR)/GoodWeather.app/$(BUNDLE_EXECUTABLE_FOLDER_PATH)/GoodWeather";
			};
			name = Debug;
		};
		964A8FC42A3F021D00B30EEF /* Release */ = {
			isa = XCBuildConfiguration;
			buildSettings = {
				ALWAYS_EMBED_SWIFT_STANDARD_LIBRARIES = YES;
				BUNDLE_LOADER = "$(TEST_HOST)";
				CODE_SIGN_STYLE = Automatic;
				CURRENT_PROJECT_VERSION = 1;
				DEVELOPMENT_TEAM = AC5P7253R3;
				GENERATE_INFOPLIST_FILE = YES;
				IPHONEOS_DEPLOYMENT_TARGET = 16.2;
				MARKETING_VERSION = 1.0;
				PRODUCT_BUNDLE_IDENTIFIER = IvanStoilov.GoodWeatherTests;
				PRODUCT_NAME = "$(TARGET_NAME)";
				SWIFT_EMIT_LOC_STRINGS = NO;
				SWIFT_VERSION = 5.0;
				TARGETED_DEVICE_FAMILY = "1,2";
				TEST_HOST = "$(BUILT_PRODUCTS_DIR)/GoodWeather.app/$(BUNDLE_EXECUTABLE_FOLDER_PATH)/GoodWeather";
			};
			name = Release;
		};
		964A8FC62A3F021D00B30EEF /* Debug */ = {
			isa = XCBuildConfiguration;
			buildSettings = {
				ALWAYS_EMBED_SWIFT_STANDARD_LIBRARIES = YES;
				CODE_SIGN_STYLE = Automatic;
				CURRENT_PROJECT_VERSION = 1;
				DEVELOPMENT_TEAM = AC5P7253R3;
				GENERATE_INFOPLIST_FILE = YES;
				MARKETING_VERSION = 1.0;
				PRODUCT_BUNDLE_IDENTIFIER = IvanStoilov.GoodWeatherUITests;
				PRODUCT_NAME = "$(TARGET_NAME)";
				SWIFT_EMIT_LOC_STRINGS = NO;
				SWIFT_VERSION = 5.0;
				TARGETED_DEVICE_FAMILY = "1,2";
				TEST_TARGET_NAME = GoodWeather;
			};
			name = Debug;
		};
		964A8FC72A3F021D00B30EEF /* Release */ = {
			isa = XCBuildConfiguration;
			buildSettings = {
				ALWAYS_EMBED_SWIFT_STANDARD_LIBRARIES = YES;
				CODE_SIGN_STYLE = Automatic;
				CURRENT_PROJECT_VERSION = 1;
				DEVELOPMENT_TEAM = AC5P7253R3;
				GENERATE_INFOPLIST_FILE = YES;
				MARKETING_VERSION = 1.0;
				PRODUCT_BUNDLE_IDENTIFIER = IvanStoilov.GoodWeatherUITests;
				PRODUCT_NAME = "$(TARGET_NAME)";
				SWIFT_EMIT_LOC_STRINGS = NO;
				SWIFT_VERSION = 5.0;
				TARGETED_DEVICE_FAMILY = "1,2";
				TEST_TARGET_NAME = GoodWeather;
			};
			name = Release;
		};
/* End XCBuildConfiguration section */

/* Begin XCConfigurationList section */
		964A8F902A3F021C00B30EEF /* Build configuration list for PBXProject "GoodWeather" */ = {
			isa = XCConfigurationList;
			buildConfigurations = (
				964A8FBD2A3F021D00B30EEF /* Debug */,
				964A8FBE2A3F021D00B30EEF /* Release */,
			);
			defaultConfigurationIsVisible = 0;
			defaultConfigurationName = Release;
		};
		964A8FBF2A3F021D00B30EEF /* Build configuration list for PBXNativeTarget "GoodWeather" */ = {
			isa = XCConfigurationList;
			buildConfigurations = (
				964A8FC02A3F021D00B30EEF /* Debug */,
				964A8FC12A3F021D00B30EEF /* Release */,
			);
			defaultConfigurationIsVisible = 0;
			defaultConfigurationName = Release;
		};
		964A8FC22A3F021D00B30EEF /* Build configuration list for PBXNativeTarget "GoodWeatherTests" */ = {
			isa = XCConfigurationList;
			buildConfigurations = (
				964A8FC32A3F021D00B30EEF /* Debug */,
				964A8FC42A3F021D00B30EEF /* Release */,
			);
			defaultConfigurationIsVisible = 0;
			defaultConfigurationName = Release;
		};
		964A8FC52A3F021D00B30EEF /* Build configuration list for PBXNativeTarget "GoodWeatherUITests" */ = {
			isa = XCConfigurationList;
			buildConfigurations = (
				964A8FC62A3F021D00B30EEF /* Debug */,
				964A8FC72A3F021D00B30EEF /* Release */,
			);
			defaultConfigurationIsVisible = 0;
			defaultConfigurationName = Release;
		};
/* End XCConfigurationList section */
	};
	rootObject = 964A8F8D2A3F021C00B30EEF /* Project object */;
}
